<?xml version="1.0" encoding="utf-8"?>
<Project ToolsVersion="15.0" xmlns="http://schemas.microsoft.com/developer/msbuild/2003">
  <ItemGroup>
    <ClCompile Include="C:\Users\Ксения\Desktop\UNNLab\QueueTest\QueueTest.cpp">
      <Filter>Source Files</Filter>
    </ClCompile>
    <ClCompile Include="C:\Users\Ксения\Desktop\UNNLab\QueueTest\Test_main.cpp">
      <Filter>Source Files</Filter>
    </ClCompile>
  </ItemGroup>
  <ItemGroup>
    <CustomBuild Include="C:\Users\Ксения\Desktop\UNNLab\QueueTest\CMakeLists.txt" />
  </ItemGroup>
  <ItemGroup>
    <Filter Include="Source Files">
      <UniqueIdentifier>{31DF7845-F0D0-3FEC-AE60-C3CA5494C0FD}</UniqueIdentifier>
    </Filter>
  </ItemGroup>
</Project>
